// !$*UTF8*$!
{
	archiveVersion = 1;
	classes = {
	};
	objectVersion = 48;
	objects = {

/* Begin PBXBuildFile section */
		9B1ACAC61FE6CD1000866BF4 /* AppDelegate.swift in Sources */ = {isa = PBXBuildFile; fileRef = 9B1ACAC51FE6CD1000866BF4 /* AppDelegate.swift */; };
		9B1ACAC81FE6CD1000866BF4 /* ViewController.swift in Sources */ = {isa = PBXBuildFile; fileRef = 9B1ACAC71FE6CD1000866BF4 /* ViewController.swift */; };
		9B1ACACB1FE6CD1000866BF4 /* Main.storyboard in Resources */ = {isa = PBXBuildFile; fileRef = 9B1ACAC91FE6CD1000866BF4 /* Main.storyboard */; };
		9B1ACACD1FE6CD1000866BF4 /* Assets.xcassets in Resources */ = {isa = PBXBuildFile; fileRef = 9B1ACACC1FE6CD1000866BF4 /* Assets.xcassets */; };
		9B1ACAD01FE6CD1000866BF4 /* LaunchScreen.storyboard in Resources */ = {isa = PBXBuildFile; fileRef = 9B1ACACE1FE6CD1000866BF4 /* LaunchScreen.storyboard */; };
/* End PBXBuildFile section */

/* Begin PBXFileReference section */
		9B1ACAC21FE6CD1000866BF4 /* KennyGame.app */ = {isa = PBXFileReference; explicitFileType = wrapper.application; includeInIndex = 0; path = KennyGame.app; sourceTree = BUILT_PRODUCTS_DIR; };
		9B1ACAC51FE6CD1000866BF4 /* AppDelegate.swift */ = {isa = PBXFileReference; lastKnownFileType = sourcecode.swift; path = AppDelegate.swift; sourceTree = "<group>"; };
		9B1ACAC71FE6CD1000866BF4 /* ViewController.swift */ = {isa = PBXFileReference; lastKnownFileType = sourcecode.swift; path = ViewController.swift; sourceTree = "<group>"; };
		9B1ACACA1FE6CD1000866BF4 /* Base */ = {isa = PBXFileReference; lastKnownFileType = file.storyboard; name = Base; path = Base.lproj/Main.storyboard; sourceTree = "<group>"; };
		9B1ACACC1FE6CD1000866BF4 /* Assets.xcassets */ = {isa = PBXFileReference; lastKnownFileType = folder.assetcatalog; path = Assets.xcassets; sourceTree = "<group>"; };
		9B1ACACF1FE6CD1000866BF4 /* Base */ = {isa = PBXFileReference; lastKnownFileType = file.storyboard; name = Base; path = Base.lproj/LaunchScreen.storyboard; sourceTree = "<group>"; };
		9B1ACAD11FE6CD1000866BF4 /* Info.plist */ = {isa = PBXFileReference; lastKnownFileType = text.plist.xml; path = Info.plist; sourceTree = "<group>"; };
/* End PBXFileReference section */

/* Begin PBXFrameworksBuildPhase section */
		9B1ACABF1FE6CD1000866BF4 /* Frameworks */ = {
			isa = PBXFrameworksBuildPhase;
			buildActionMask = 2147483647;
			files = (
			);
			runOnlyForDeploymentPostprocessing = 0;
		};
/* End PBXFrameworksBuildPhase section */

/* Begin PBXGroup section */
		9B1ACAB91FE6CD1000866BF4 = {
			isa = PBXGroup;
			children = (
				9B1ACAC41FE6CD1000866BF4 /* KennyGame */,
				9B1ACAC31FE6CD1000866BF4 /* Products */,
			);
			sourceTree = "<group>";
		};
		9B1ACAC31FE6CD1000866BF4 /* Products */ = {
			isa = PBXGroup;
			children = (
				9B1ACAC21FE6CD1000866BF4 /* KennyGame.app */,
			);
			name = Products;
			sourceTree = "<group>";
		};
		9B1ACAC41FE6CD1000866BF4 /* KennyGame */ = {
			isa = PBXGroup;
			children = (
				9B1ACAC51FE6CD1000866BF4 /* AppDelegate.swift */,
				9B1ACAC71FE6CD1000866BF4 /* ViewController.swift */,
				9B1ACAC91FE6CD1000866BF4 /* Main.storyboard */,
				9B1ACACC1FE6CD1000866BF4 /* Assets.xcassets */,
				9B1ACACE1FE6CD1000866BF4 /* LaunchScreen.storyboard */,
				9B1ACAD11FE6CD1000866BF4 /* Info.plist */,
			);
			path = KennyGame;
			sourceTree = "<group>";
		};
/* End PBXGroup section */

/* Begin PBXNativeTarget section */
		9B1ACAC11FE6CD1000866BF4 /* KennyGame */ = {
			isa = PBXNativeTarget;
			buildConfigurationList = 9B1ACAD41FE6CD1000866BF4 /* Build configuration list for PBXNativeTarget "KennyGame" */;
			buildPhases = (
				9B1ACABE1FE6CD1000866BF4 /* Sources */,
				9B1ACABF1FE6CD1000866BF4 /* Frameworks */,
				9B1ACAC01FE6CD1000866BF4 /* Resources */,
			);
			buildRules = (
			);
			dependencies = (
			);
			name = KennyGame;
			productName = KennyGame;
			productReference = 9B1ACAC21FE6CD1000866BF4 /* KennyGame.app */;
			productType = "com.apple.product-type.application";
		};
/* End PBXNativeTarget section */

/* Begin PBXProject section */
		9B1ACABA1FE6CD1000866BF4 /* Project object */ = {
			isa = PBXProject;
			attributes = {
				LastSwiftUpdateCheck = 0920;
				LastUpgradeCheck = 0920;
				ORGANIZATIONNAME = "Bülent Siyah";
				TargetAttributes = {
					9B1ACAC11FE6CD1000866BF4 = {
						CreatedOnToolsVersion = 9.2;
						ProvisioningStyle = Automatic;
					};
				};
			};
			buildConfigurationList = 9B1ACABD1FE6CD1000866BF4 /* Build configuration list for PBXProject "KennyGame" */;
			compatibilityVersion = "Xcode 8.0";
			developmentRegion = en;
			hasScannedForEncodings = 0;
			knownRegions = (
				en,
				Base,
			);
			mainGroup = 9B1ACAB91FE6CD1000866BF4;
			productRefGroup = 9B1ACAC31FE6CD1000866BF4 /* Products */;
			projectDirPath = "";
			projectRoot = "";
			targets = (
				9B1ACAC11FE6CD1000866BF4 /* KennyGame */,
			);
		};
/* End PBXProject section */

/* Begin PBXResourcesBuildPhase section */
		9B1ACAC01FE6CD1000866BF4 /* Resources */ = {
			isa = PBXResourcesBuildPhase;
			buildActionMask = 2147483647;
			files = (
				9B1ACAD01FE6CD1000866BF4 /* LaunchScreen.storyboard in Resources */,
				9B1ACACD1FE6CD1000866BF4 /* Assets.xcassets in Resources */,
				9B1ACACB1FE6CD1000866BF4 /* Main.storyboard in Resources */,
			);
			runOnlyForDeploymentPostprocessing = 0;
		};
/* End PBXResourcesBuildPhase section */

/* Begin PBXSourcesBuildPhase section */
		9B1ACABE1FE6CD1000866BF4 /* Sources */ = {
			isa = PBXSourcesBuildPhase;
			buildActionMask = 2147483647;
			files = (
				9B1ACAC81FE6CD1000866BF4 /* ViewController.swift in Sources */,
				9B1ACAC61FE6CD1000866BF4 /* AppDelegate.swift in Sources */,
			);
			runOnlyForDeploymentPostprocessing = 0;
		};
/* End PBXSourcesBuildPhase section */

/* Begin PBXVariantGroup section */
		9B1ACAC91FE6CD1000866BF4 /* Main.storyboard */ = {
			isa = PBXVariantGroup;
			children = (
				9B1ACACA1FE6CD1000866BF4 /* Base */,
			);
			name = Main.storyboard;
			sourceTree = "<group>";
		};
		9B1ACACE1FE6CD1000866BF4 /* LaunchScreen.storyboard */ = {
			isa = PBXVariantGroup;
			children = (
				9B1ACACF1FE6CD1000866BF4 /* Base */,
			);
			name = LaunchScreen.storyboard;
			sourceTree = "<group>";
		};
/* End PBXVariantGroup section */

/* Begin XCBuildConfiguration section */
		9B1ACAD21FE6CD1000866BF4 /* Debug */ = {
			isa = XCBuildConfiguration;
			buildSettings = {
				ALWAYS_SEARCH_USER_PATHS = NO;
				CLANG_ANALYZER_NONNULL = YES;
				CLANG_ANALYZER_NUMBER_OBJECT_CONVERSION = YES_AGGRESSIVE;
				CLANG_CXX_LANGUAGE_STANDARD = "gnu++14";
				CLANG_CXX_LIBRARY = "libc++";
				CLANG_ENABLE_MODULES = YES;
				CLANG_ENABLE_OBJC_ARC = YES;
				CLANG_WARN_BLOCK_CAPTURE_AUTORELEASING = YES;
				CLANG_WARN_BOOL_CONVERSION = YES;
				CLANG_WARN_COMMA = YES;
				CLANG_WARN_CONSTANT_CONVERSION = YES;
				CLANG_WARN_DIRECT_OBJC_ISA_USAGE = YES_ERROR;
				CLANG_WARN_DOCUMENTATION_COMMENTS = YES;
				CLANG_WARN_EMPTY_BODY = YES;
				CLANG_WARN_ENUM_CONVERSION = YES;
				CLANG_WARN_INFINITE_RECURSION = YES;
				CLANG_WARN_INT_CONVERSION = YES;
				CLANG_WARN_NON_LITERAL_NULL_CONVERSION = YES;
				CLANG_WARN_OBJC_LITERAL_CONVERSION = YES;
				CLANG_WARN_OBJC_ROOT_CLASS = YES_ERROR;
				CLANG_WARN_RANGE_LOOP_ANALYSIS = YES;
				CLANG_WARN_STRICT_PROTOTYPES = YES;
				CLANG_WARN_SUSPICIOUS_MOVE = YES;
				CLANG_WARN_UNGUARDED_AVAILABILITY = YES_AGGRESSIVE;
				CLANG_WARN_UNREACHABLE_CODE = YES;
				CLANG_WARN__DUPLICATE_METHOD_MATCH = YES;
				CODE_SIGN_IDENTITY = "iPhone Developer";
				COPY_PHASE_STRIP = NO;
				DEBUG_INFORMATION_FORMAT = dwarf;
				ENABLE_STRICT_OBJC_MSGSEND = YES;
				ENABLE_TESTABILITY = YES;
				GCC_C_LANGUAGE_STANDARD = gnu11;
				GCC_DYNAMIC_NO_PIC = NO;
				GCC_NO_COMMON_BLOCKS = YES;
				GCC_OPTIMIZATION_LEVEL = 0;
				GCC_PREPROCESSOR_DEFINITIONS = (
					"DEBUG=1",
					"$(inherited)",
				);
				GCC_WARN_64_TO_32_BIT_CONVERSION = YES;
				GCC_WARN_ABOUT_RETURN_TYPE = YES_ERROR;
				GCC_WARN_UNDECLARED_SELECTOR = YES;
				GCC_WARN_UNINITIALIZED_AUTOS = YES_AGGRESSIVE;
				GCC_WARN_UNUSED_FUNCTION = YES;
				GCC_WARN_UNUSED_VARIABLE = YES;
				IPHONEOS_DEPLOYMENT_TARGET = 11.2;
				MTL_ENABLE_DEBUG_INFO = YES;
				ONLY_ACTIVE_ARCH = YES;
				SDKROOT = iphoneos;
				SWIFT_ACTIVE_COMPILATION_CONDITIONS = DEBUG;
				SWIFT_OPTIMIZATION_LEVEL = "-Onone";
			};
			name = Debug;
		};
		9B1ACAD31FE6CD1000866BF4 /* Release */ = {
			isa = XCBuildConfiguration;
			buildSettings = {
				ALWAYS_SEARCH_USER_PATHS = NO;
				CLANG_ANALYZER_NONNULL = YES;
				CLANG_ANALYZER_NUMBER_OBJECT_CONVERSION = YES_AGGRESSIVE;
				CLANG_CXX_LANGUAGE_STANDARD = "gnu++14";
				CLANG_CXX_LIBRARY = "libc++";
				CLANG_ENABLE_MODULES = YES;
				CLANG_ENABLE_OBJC_ARC = YES;
				CLANG_WARN_BLOCK_CAPTURE_AUTORELEASING = YES;
				CLANG_WARN_BOOL_CONVERSION = YES;
				CLANG_WARN_COMMA = YES;
				CLANG_WARN_CONSTANT_CONVERSION = YES;
				CLANG_WARN_DIRECT_OBJC_ISA_USAGE = YES_ERROR;
				CLANG_WARN_DOCUMENTATION_COMMENTS = YES;
				CLANG_WARN_EMPTY_BODY = YES;
				CLANG_WARN_ENUM_CONVERSION = YES;
				CLANG_WARN_INFINITE_RECURSION = YES;
				CLANG_WARN_INT_CONVERSION = YES;
				CLANG_WARN_NON_LITERAL_NULL_CONVERSION = YES;
				CLANG_WARN_OBJC_LITERAL_CONVERSION = YES;
				CLANG_WARN_OBJC_ROOT_CLASS = YES_ERROR;
				CLANG_WARN_RANGE_LOOP_ANALYSIS = YES;
				CLANG_WARN_STRICT_PROTOTYPES = YES;
				CLANG_WARN_SUSPICIOUS_MOVE = YES;
				CLANG_WARN_UNGUARDED_AVAILABILITY = YES_AGGRESSIVE;
				CLANG_WARN_UNREACHABLE_CODE = YES;
				CLANG_WARN__DUPLICATE_METHOD_MATCH = YES;
				CODE_SIGN_IDENTITY = "iPhone Developer";
				COPY_PHASE_STRIP = NO;
				DEBUG_INFORMATION_FORMAT = "dwarf-with-dsym";
				ENABLE_NS_ASSERTIONS = NO;
				ENABLE_STRICT_OBJC_MSGSEND = YES;
				GCC_C_LANGUAGE_STANDARD = gnu11;
				GCC_NO_COMMON_BLOCKS = YES;
				GCC_WARN_64_TO_32_BIT_CONVERSION = YES;
				GCC_WARN_ABOUT_RETURN_TYPE = YES_ERROR;
				GCC_WARN_UNDECLARED_SELECTOR = YES;
				GCC_WARN_UNINITIALIZED_AUTOS = YES_AGGRESSIVE;
				GCC_WARN_UNUSED_FUNCTION = YES;
				GCC_WARN_UNUSED_VARIABLE = YES;
				IPHONEOS_DEPLOYMENT_TARGET = 11.2;
				MTL_ENABLE_DEBUG_INFO = NO;
				SDKROOT = iphoneos;
				SWIFT_OPTIMIZATION_LEVEL = "-Owholemodule";
				VALIDATE_PRODUCT = YES;
			};
			name = Release;
		};
		9B1ACAD51FE6CD1000866BF4 /* Debug */ = {
			isa = XCBuildConfiguration;
			buildSettings = {
				ASSETCATALOG_COMPILER_APPICON_NAME = AppIcon;
				CODE_SIGN_STYLE = Automatic;
				DEVELOPMENT_TEAM = T66S44XPZ4;
				INFOPLIST_FILE = KennyGame/Info.plist;
				LD_RUNPATH_SEARCH_PATHS = "$(inherited) @executable_path/Frameworks";
				PRODUCT_BUNDLE_IDENTIFIER = com.geobilgi.test.KennyGame;
				PRODUCT_NAME = "$(TARGET_NAME)";
				SWIFT_VERSION = 4.0;
				TARGETED_DEVICE_FAMILY = "1,2";
			};
			name = Debug;
		};
		9B1ACAD61FE6CD1000866BF4 /* Release */ = {
			isa = XCBuildConfiguration;
			buildSettings = {
				ASSETCATALOG_COMPILER_APPICON_NAME = AppIcon;
				CODE_SIGN_STYLE = Automatic;
				DEVELOPMENT_TEAM = T66S44XPZ4;
				INFOPLIST_FILE = KennyGame/Info.plist;
				LD_RUNPATH_SEARCH_PATHS = "$(inherited) @executable_path/Frameworks";
				PRODUCT_BUNDLE_IDENTIFIER = com.geobilgi.test.KennyGame;
				PRODUCT_NAME = "$(TARGET_NAME)";
				SWIFT_VERSION = 4.0;
				TARGETED_DEVICE_FAMILY = "1,2";
			};
			name = Release;
		};
/* End XCBuildConfiguration section */

/* Begin XCConfigurationList section */
		9B1ACABD1FE6CD1000866BF4 /* Build configuration list for PBXProject "KennyGame" */ = {
			isa = XCConfigurationList;
			buildConfigurations = (
				9B1ACAD21FE6CD1000866BF4 /* Debug */,
				9B1ACAD31FE6CD1000866BF4 /* Release */,
			);
			defaultConfigurationIsVisible = 0;
			defaultConfigurationName = Release;
		};
		9B1ACAD41FE6CD1000866BF4 /* Build configuration list for PBXNativeTarget "KennyGame" */ = {
			isa = XCConfigurationList;
			buildConfigurations = (
				9B1ACAD51FE6CD1000866BF4 /* Debug */,
				9B1ACAD61FE6CD1000866BF4 /* Release */,
			);
			defaultConfigurationIsVisible = 0;
			defaultConfigurationName = Release;
		};
/* End XCConfigurationList section */
	};
	rootObject = 9B1ACABA1FE6CD1000866BF4 /* Project object */;
}
